
Microsoft Visual Studio Solution File, Format Version 12.00
# Visual Studio Version 17
VisualStudioVersion = 17.6.33815.320
MinimumVisualStudioVersion = 10.0.40219.1
Project("{9A19103F-16F7-4668-BE54-9A1E7A4F7556}") = "testtask", "testtask\testtask.csproj", "{D7CE2C28-3B9E-49AC-BACB-49ACB41DEAEC}"
EndProject
Project("{FAE04EC0-301F-11D3-BF4B-00C04F79EFBC}") = "Testtesttask", "Testtesttask\Testtesttask.csproj", "{48C03D9C-E4AA-4755-9CE7-499F66F5F663}"
EndProject
Global
	GlobalSection(SolutionConfigurationPlatforms) = preSolution
		Debug|Any CPU = Debug|Any CPU
		Release|Any CPU = Release|Any CPU
	EndGlobalSection
	GlobalSection(ProjectConfigurationPlatforms) = postSolution
		{D7CE2C28-3B9E-49AC-BACB-49ACB41DEAEC}.Debug|Any CPU.ActiveCfg = Debug|Any CPU
		{D7CE2C28-3B9E-49AC-BACB-49ACB41DEAEC}.Debug|Any CPU.Build.0 = Debug|Any CPU
		{D7CE2C28-3B9E-49AC-BACB-49ACB41DEAEC}.Release|Any CPU.ActiveCfg = Release|Any CPU
		{D7CE2C28-3B9E-49AC-BACB-49ACB41DEAEC}.Release|Any CPU.Build.0 = Release|Any CPU
		{48C03D9C-E4AA-4755-9CE7-499F66F5F663}.Debug|Any CPU.ActiveCfg = Debug|Any CPU
		{48C03D9C-E4AA-4755-9CE7-499F66F5F663}.Debug|Any CPU.Build.0 = Debug|Any CPU
		{48C03D9C-E4AA-4755-9CE7-499F66F5F663}.Release|Any CPU.ActiveCfg = Release|Any CPU
		{48C03D9C-E4AA-4755-9CE7-499F66F5F663}.Release|Any CPU.Build.0 = Release|Any CPU
	EndGlobalSection
	GlobalSection(SolutionProperties) = preSolution
		HideSolutionNode = FALSE
	EndGlobalSection
	GlobalSection(ExtensibilityGlobals) = postSolution
		SolutionGuid = {7F1E356B-602E-4A6E-9377-D3D617D73330}
	EndGlobalSection
EndGlobal
